// !$*UTF8*$!
{
	archiveVersion = 1;
	classes = {
	};
	objectVersion = 50;
	objects = {

/* Begin PBXBuildFile section */
		9DBA378326D9E42100181B50 /* AppDelegate.swift in Sources */ = {isa = PBXBuildFile; fileRef = 9DBA378226D9E42100181B50 /* AppDelegate.swift */; };
		9DBA378526D9E42100181B50 /* SceneDelegate.swift in Sources */ = {isa = PBXBuildFile; fileRef = 9DBA378426D9E42100181B50 /* SceneDelegate.swift */; };
		9DBA378726D9E42100181B50 /* ViewController.swift in Sources */ = {isa = PBXBuildFile; fileRef = 9DBA378626D9E42100181B50 /* ViewController.swift */; };
		9DBA378A26D9E42100181B50 /* Main.storyboard in Resources */ = {isa = PBXBuildFile; fileRef = 9DBA378826D9E42100181B50 /* Main.storyboard */; };
		9DBA378C26D9E42600181B50 /* Assets.xcassets in Resources */ = {isa = PBXBuildFile; fileRef = 9DBA378B26D9E42600181B50 /* Assets.xcassets */; };
		9DBA378F26D9E42600181B50 /* LaunchScreen.storyboard in Resources */ = {isa = PBXBuildFile; fileRef = 9DBA378D26D9E42600181B50 /* LaunchScreen.storyboard */; };
		9DBA379A26D9E42600181B50 /* TestGitReposityTests.swift in Sources */ = {isa = PBXBuildFile; fileRef = 9DBA379926D9E42600181B50 /* TestGitReposityTests.swift */; };
		9DBA37A526D9E42600181B50 /* TestGitReposityUITests.swift in Sources */ = {isa = PBXBuildFile; fileRef = 9DBA37A426D9E42600181B50 /* TestGitReposityUITests.swift */; };
/* End PBXBuildFile section */

/* Begin PBXContainerItemProxy section */
		9DBA379626D9E42600181B50 /* PBXContainerItemProxy */ = {
			isa = PBXContainerItemProxy;
			containerPortal = 9DBA377726D9E42000181B50 /* Project object */;
			proxyType = 1;
			remoteGlobalIDString = 9DBA377E26D9E42000181B50;
			remoteInfo = TestGitReposity;
		};
		9DBA37A126D9E42600181B50 /* PBXContainerItemProxy */ = {
			isa = PBXContainerItemProxy;
			containerPortal = 9DBA377726D9E42000181B50 /* Project object */;
			proxyType = 1;
			remoteGlobalIDString = 9DBA377E26D9E42000181B50;
			remoteInfo = TestGitReposity;
		};
/* End PBXContainerItemProxy section */

/* Begin PBXFileReference section */
		9DBA377F26D9E42100181B50 /* TestGitReposity.app */ = {isa = PBXFileReference; explicitFileType = wrapper.application; includeInIndex = 0; path = TestGitReposity.app; sourceTree = BUILT_PRODUCTS_DIR; };
		9DBA378226D9E42100181B50 /* AppDelegate.swift */ = {isa = PBXFileReference; lastKnownFileType = sourcecode.swift; path = AppDelegate.swift; sourceTree = "<group>"; };
		9DBA378426D9E42100181B50 /* SceneDelegate.swift */ = {isa = PBXFileReference; lastKnownFileType = sourcecode.swift; path = SceneDelegate.swift; sourceTree = "<group>"; };
		9DBA378626D9E42100181B50 /* ViewController.swift */ = {isa = PBXFileReference; lastKnownFileType = sourcecode.swift; path = ViewController.swift; sourceTree = "<group>"; };
		9DBA378926D9E42100181B50 /* Base */ = {isa = PBXFileReference; lastKnownFileType = file.storyboard; name = Base; path = Base.lproj/Main.storyboard; sourceTree = "<group>"; };
		9DBA378B26D9E42600181B50 /* Assets.xcassets */ = {isa = PBXFileReference; lastKnownFileType = folder.assetcatalog; path = Assets.xcassets; sourceTree = "<group>"; };
		9DBA378E26D9E42600181B50 /* Base */ = {isa = PBXFileReference; lastKnownFileType = file.storyboard; name = Base; path = Base.lproj/LaunchScreen.storyboard; sourceTree = "<group>"; };
		9DBA379026D9E42600181B50 /* Info.plist */ = {isa = PBXFileReference; lastKnownFileType = text.plist.xml; path = Info.plist; sourceTree = "<group>"; };
		9DBA379526D9E42600181B50 /* TestGitReposityTests.xctest */ = {isa = PBXFileReference; explicitFileType = wrapper.cfbundle; includeInIndex = 0; path = TestGitReposityTests.xctest; sourceTree = BUILT_PRODUCTS_DIR; };
		9DBA379926D9E42600181B50 /* TestGitReposityTests.swift */ = {isa = PBXFileReference; lastKnownFileType = sourcecode.swift; path = TestGitReposityTests.swift; sourceTree = "<group>"; };
		9DBA379B26D9E42600181B50 /* Info.plist */ = {isa = PBXFileReference; lastKnownFileType = text.plist.xml; path = Info.plist; sourceTree = "<group>"; };
		9DBA37A026D9E42600181B50 /* TestGitReposityUITests.xctest */ = {isa = PBXFileReference; explicitFileType = wrapper.cfbundle; includeInIndex = 0; path = TestGitReposityUITests.xctest; sourceTree = BUILT_PRODUCTS_DIR; };
		9DBA37A426D9E42600181B50 /* TestGitReposityUITests.swift */ = {isa = PBXFileReference; lastKnownFileType = sourcecode.swift; path = TestGitReposityUITests.swift; sourceTree = "<group>"; };
		9DBA37A626D9E42600181B50 /* Info.plist */ = {isa = PBXFileReference; lastKnownFileType = text.plist.xml; path = Info.plist; sourceTree = "<group>"; };
/* End PBXFileReference section */

/* Begin PBXFrameworksBuildPhase section */
		9DBA377C26D9E42000181B50 /* Frameworks */ = {
			isa = PBXFrameworksBuildPhase;
			buildActionMask = 2147483647;
			files = (
			);
			runOnlyForDeploymentPostprocessing = 0;
		};
		9DBA379226D9E42600181B50 /* Frameworks */ = {
			isa = PBXFrameworksBuildPhase;
			buildActionMask = 2147483647;
			files = (
			);
			runOnlyForDeploymentPostprocessing = 0;
		};
		9DBA379D26D9E42600181B50 /* Frameworks */ = {
			isa = PBXFrameworksBuildPhase;
			buildActionMask = 2147483647;
			files = (
			);
			runOnlyForDeploymentPostprocessing = 0;
		};
/* End PBXFrameworksBuildPhase section */

/* Begin PBXGroup section */
		9DBA377626D9E42000181B50 = {
			isa = PBXGroup;
			children = (
				9DBA378126D9E42100181B50 /* TestGitReposity */,
				9DBA379826D9E42600181B50 /* TestGitReposityTests */,
				9DBA37A326D9E42600181B50 /* TestGitReposityUITests */,
				9DBA378026D9E42100181B50 /* Products */,
			);
			sourceTree = "<group>";
		};
		9DBA378026D9E42100181B50 /* Products */ = {
			isa = PBXGroup;
			children = (
				9DBA377F26D9E42100181B50 /* TestGitReposity.app */,
				9DBA379526D9E42600181B50 /* TestGitReposityTests.xctest */,
				9DBA37A026D9E42600181B50 /* TestGitReposityUITests.xctest */,
			);
			name = Products;
			sourceTree = "<group>";
		};
		9DBA378126D9E42100181B50 /* TestGitReposity */ = {
			isa = PBXGroup;
			children = (
				9DBA378226D9E42100181B50 /* AppDelegate.swift */,
				9DBA378426D9E42100181B50 /* SceneDelegate.swift */,
				9DBA378626D9E42100181B50 /* ViewController.swift */,
				9DBA378826D9E42100181B50 /* Main.storyboard */,
				9DBA378B26D9E42600181B50 /* Assets.xcassets */,
				9DBA378D26D9E42600181B50 /* LaunchScreen.storyboard */,
				9DBA379026D9E42600181B50 /* Info.plist */,
			);
			path = TestGitReposity;
			sourceTree = "<group>";
		};
		9DBA379826D9E42600181B50 /* TestGitReposityTests */ = {
			isa = PBXGroup;
			children = (
				9DBA379926D9E42600181B50 /* TestGitReposityTests.swift */,
				9DBA379B26D9E42600181B50 /* Info.plist */,
			);
			path = TestGitReposityTests;
			sourceTree = "<group>";
		};
		9DBA37A326D9E42600181B50 /* TestGitReposityUITests */ = {
			isa = PBXGroup;
			children = (
				9DBA37A426D9E42600181B50 /* TestGitReposityUITests.swift */,
				9DBA37A626D9E42600181B50 /* Info.plist */,
			);
			path = TestGitReposityUITests;
			sourceTree = "<group>";
		};
/* End PBXGroup section */

/* Begin PBXNativeTarget section */
		9DBA377E26D9E42000181B50 /* TestGitReposity */ = {
			isa = PBXNativeTarget;
			buildConfigurationList = 9DBA37A926D9E42600181B50 /* Build configuration list for PBXNativeTarget "TestGitReposity" */;
			buildPhases = (
				9DBA377B26D9E42000181B50 /* Sources */,
				9DBA377C26D9E42000181B50 /* Frameworks */,
				9DBA377D26D9E42000181B50 /* Resources */,
			);
			buildRules = (
			);
			dependencies = (
			);
			name = TestGitReposity;
			productName = TestGitReposity;
			productReference = 9DBA377F26D9E42100181B50 /* TestGitReposity.app */;
			productType = "com.apple.product-type.application";
		};
		9DBA379426D9E42600181B50 /* TestGitReposityTests */ = {
			isa = PBXNativeTarget;
			buildConfigurationList = 9DBA37AC26D9E42600181B50 /* Build configuration list for PBXNativeTarget "TestGitReposityTests" */;
			buildPhases = (
				9DBA379126D9E42600181B50 /* Sources */,
				9DBA379226D9E42600181B50 /* Frameworks */,
				9DBA379326D9E42600181B50 /* Resources */,
			);
			buildRules = (
			);
			dependencies = (
				9DBA379726D9E42600181B50 /* PBXTargetDependency */,
			);
			name = TestGitReposityTests;
			productName = TestGitReposityTests;
			productReference = 9DBA379526D9E42600181B50 /* TestGitReposityTests.xctest */;
			productType = "com.apple.product-type.bundle.unit-test";
		};
		9DBA379F26D9E42600181B50 /* TestGitReposityUITests */ = {
			isa = PBXNativeTarget;
			buildConfigurationList = 9DBA37AF26D9E42600181B50 /* Build configuration list for PBXNativeTarget "TestGitReposityUITests" */;
			buildPhases = (
				9DBA379C26D9E42600181B50 /* Sources */,
				9DBA379D26D9E42600181B50 /* Frameworks */,
				9DBA379E26D9E42600181B50 /* Resources */,
			);
			buildRules = (
			);
			dependencies = (
				9DBA37A226D9E42600181B50 /* PBXTargetDependency */,
			);
			name = TestGitReposityUITests;
			productName = TestGitReposityUITests;
			productReference = 9DBA37A026D9E42600181B50 /* TestGitReposityUITests.xctest */;
			productType = "com.apple.product-type.bundle.ui-testing";
		};
/* End PBXNativeTarget section */

/* Begin PBXProject section */
		9DBA377726D9E42000181B50 /* Project object */ = {
			isa = PBXProject;
			attributes = {
				LastSwiftUpdateCheck = 1250;
				LastUpgradeCheck = 1250;
				TargetAttributes = {
					9DBA377E26D9E42000181B50 = {
						CreatedOnToolsVersion = 12.5;
					};
					9DBA379426D9E42600181B50 = {
						CreatedOnToolsVersion = 12.5;
						TestTargetID = 9DBA377E26D9E42000181B50;
					};
					9DBA379F26D9E42600181B50 = {
						CreatedOnToolsVersion = 12.5;
						TestTargetID = 9DBA377E26D9E42000181B50;
					};
				};
			};
			buildConfigurationList = 9DBA377A26D9E42000181B50 /* Build configuration list for PBXProject "TestGitReposity" */;
			compatibilityVersion = "Xcode 9.3";
			developmentRegion = en;
			hasScannedForEncodings = 0;
			knownRegions = (
				en,
				Base,
			);
			mainGroup = 9DBA377626D9E42000181B50;
			productRefGroup = 9DBA378026D9E42100181B50 /* Products */;
			projectDirPath = "";
			projectRoot = "";
			targets = (
				9DBA377E26D9E42000181B50 /* TestGitReposity */,
				9DBA379426D9E42600181B50 /* TestGitReposityTests */,
				9DBA379F26D9E42600181B50 /* TestGitReposityUITests */,
			);
		};
/* End PBXProject section */

/* Begin PBXResourcesBuildPhase section */
		9DBA377D26D9E42000181B50 /* Resources */ = {
			isa = PBXResourcesBuildPhase;
			buildActionMask = 2147483647;
			files = (
				9DBA378F26D9E42600181B50 /* LaunchScreen.storyboard in Resources */,
				9DBA378C26D9E42600181B50 /* Assets.xcassets in Resources */,
				9DBA378A26D9E42100181B50 /* Main.storyboard in Resources */,
			);
			runOnlyForDeploymentPostprocessing = 0;
		};
		9DBA379326D9E42600181B50 /* Resources */ = {
			isa = PBXResourcesBuildPhase;
			buildActionMask = 2147483647;
			files = (
			);
			runOnlyForDeploymentPostprocessing = 0;
		};
		9DBA379E26D9E42600181B50 /* Resources */ = {
			isa = PBXResourcesBuildPhase;
			buildActionMask = 2147483647;
			files = (
			);
			runOnlyForDeploymentPostprocessing = 0;
		};
/* End PBXResourcesBuildPhase section */

/* Begin PBXSourcesBuildPhase section */
		9DBA377B26D9E42000181B50 /* Sources */ = {
			isa = PBXSourcesBuildPhase;
			buildActionMask = 2147483647;
			files = (
				9DBA378726D9E42100181B50 /* ViewController.swift in Sources */,
				9DBA378326D9E42100181B50 /* AppDelegate.swift in Sources */,
				9DBA378526D9E42100181B50 /* SceneDelegate.swift in Sources */,
			);
			runOnlyForDeploymentPostprocessing = 0;
		};
		9DBA379126D9E42600181B50 /* Sources */ = {
			isa = PBXSourcesBuildPhase;
			buildActionMask = 2147483647;
			files = (
				9DBA379A26D9E42600181B50 /* TestGitReposityTests.swift in Sources */,
			);
			runOnlyForDeploymentPostprocessing = 0;
		};
		9DBA379C26D9E42600181B50 /* Sources */ = {
			isa = PBXSourcesBuildPhase;
			buildActionMask = 2147483647;
			files = (
				9DBA37A526D9E42600181B50 /* TestGitReposityUITests.swift in Sources */,
			);
			runOnlyForDeploymentPostprocessing = 0;
		};
/* End PBXSourcesBuildPhase section */

/* Begin PBXTargetDependency section */
		9DBA379726D9E42600181B50 /* PBXTargetDependency */ = {
			isa = PBXTargetDependency;
			target = 9DBA377E26D9E42000181B50 /* TestGitReposity */;
			targetProxy = 9DBA379626D9E42600181B50 /* PBXContainerItemProxy */;
		};
		9DBA37A226D9E42600181B50 /* PBXTargetDependency */ = {
			isa = PBXTargetDependency;
			target = 9DBA377E26D9E42000181B50 /* TestGitReposity */;
			targetProxy = 9DBA37A126D9E42600181B50 /* PBXContainerItemProxy */;
		};
/* End PBXTargetDependency section */

/* Begin PBXVariantGroup section */
		9DBA378826D9E42100181B50 /* Main.storyboard */ = {
			isa = PBXVariantGroup;
			children = (
				9DBA378926D9E42100181B50 /* Base */,
			);
			name = Main.storyboard;
			sourceTree = "<group>";
		};
		9DBA378D26D9E42600181B50 /* LaunchScreen.storyboard */ = {
			isa = PBXVariantGroup;
			children = (
				9DBA378E26D9E42600181B50 /* Base */,
			);
			name = LaunchScreen.storyboard;
			sourceTree = "<group>";
		};
/* End PBXVariantGroup section */

/* Begin XCBuildConfiguration section */
		9DBA37A726D9E42600181B50 /* Debug */ = {
			isa = XCBuildConfiguration;
			buildSettings = {
				ALWAYS_SEARCH_USER_PATHS = NO;
				CLANG_ANALYZER_NONNULL = YES;
				CLANG_ANALYZER_NUMBER_OBJECT_CONVERSION = YES_AGGRESSIVE;
				CLANG_CXX_LANGUAGE_STANDARD = "gnu++14";
				CLANG_CXX_LIBRARY = "libc++";
				CLANG_ENABLE_MODULES = YES;
				CLANG_ENABLE_OBJC_ARC = YES;
				CLANG_ENABLE_OBJC_WEAK = YES;
				CLANG_WARN_BLOCK_CAPTURE_AUTORELEASING = YES;
				CLANG_WARN_BOOL_CONVERSION = YES;
				CLANG_WARN_COMMA = YES;
				CLANG_WARN_CONSTANT_CONVERSION = YES;
				CLANG_WARN_DEPRECATED_OBJC_IMPLEMENTATIONS = YES;
				CLANG_WARN_DIRECT_OBJC_ISA_USAGE = YES_ERROR;
				CLANG_WARN_DOCUMENTATION_COMMENTS = YES;
				CLANG_WARN_EMPTY_BODY = YES;
				CLANG_WARN_ENUM_CONVERSION = YES;
				CLANG_WARN_INFINITE_RECURSION = YES;
				CLANG_WARN_INT_CONVERSION = YES;
				CLANG_WARN_NON_LITERAL_NULL_CONVERSION = YES;
				CLANG_WARN_OBJC_IMPLICIT_RETAIN_SELF = YES;
				CLANG_WARN_OBJC_LITERAL_CONVERSION = YES;
				CLANG_WARN_OBJC_ROOT_CLASS = YES_ERROR;
				CLANG_WARN_QUOTED_INCLUDE_IN_FRAMEWORK_HEADER = YES;
				CLANG_WARN_RANGE_LOOP_ANALYSIS = YES;
				CLANG_WARN_STRICT_PROTOTYPES = YES;
				CLANG_WARN_SUSPICIOUS_MOVE = YES;
				CLANG_WARN_UNGUARDED_AVAILABILITY = YES_AGGRESSIVE;
				CLANG_WARN_UNREACHABLE_CODE = YES;
				CLANG_WARN__DUPLICATE_METHOD_MATCH = YES;
				COPY_PHASE_STRIP = NO;
				DEBUG_INFORMATION_FORMAT = dwarf;
				ENABLE_STRICT_OBJC_MSGSEND = YES;
				ENABLE_TESTABILITY = YES;
				GCC_C_LANGUAGE_STANDARD = gnu11;
				GCC_DYNAMIC_NO_PIC = NO;
				GCC_NO_COMMON_BLOCKS = YES;
				GCC_OPTIMIZATION_LEVEL = 0;
				GCC_PREPROCESSOR_DEFINITIONS = (
					"DEBUG=1",
					"$(inherited)",
				);
				GCC_WARN_64_TO_32_BIT_CONVERSION = YES;
				GCC_WARN_ABOUT_RETURN_TYPE = YES_ERROR;
				GCC_WARN_UNDECLARED_SELECTOR = YES;
				GCC_WARN_UNINITIALIZED_AUTOS = YES_AGGRESSIVE;
				GCC_WARN_UNUSED_FUNCTION = YES;
				GCC_WARN_UNUSED_VARIABLE = YES;
				IPHONEOS_DEPLOYMENT_TARGET = 14.5;
				MTL_ENABLE_DEBUG_INFO = INCLUDE_SOURCE;
				MTL_FAST_MATH = YES;
				ONLY_ACTIVE_ARCH = YES;
				SDKROOT = iphoneos;
				SWIFT_ACTIVE_COMPILATION_CONDITIONS = DEBUG;
				SWIFT_OPTIMIZATION_LEVEL = "-Onone";
			};
			name = Debug;
		};
		9DBA37A826D9E42600181B50 /* Release */ = {
			isa = XCBuildConfiguration;
			buildSettings = {
				ALWAYS_SEARCH_USER_PATHS = NO;
				CLANG_ANALYZER_NONNULL = YES;
				CLANG_ANALYZER_NUMBER_OBJECT_CONVERSION = YES_AGGRESSIVE;
				CLANG_CXX_LANGUAGE_STANDARD = "gnu++14";
				CLANG_CXX_LIBRARY = "libc++";
				CLANG_ENABLE_MODULES = YES;
				CLANG_ENABLE_OBJC_ARC = YES;
				CLANG_ENABLE_OBJC_WEAK = YES;
				CLANG_WARN_BLOCK_CAPTURE_AUTORELEASING = YES;
				CLANG_WARN_BOOL_CONVERSION = YES;
				CLANG_WARN_COMMA = YES;
				CLANG_WARN_CONSTANT_CONVERSION = YES;
				CLANG_WARN_DEPRECATED_OBJC_IMPLEMENTATIONS = YES;
				CLANG_WARN_DIRECT_OBJC_ISA_USAGE = YES_ERROR;
				CLANG_WARN_DOCUMENTATION_COMMENTS = YES;
				CLANG_WARN_EMPTY_BODY = YES;
				CLANG_WARN_ENUM_CONVERSION = YES;
				CLANG_WARN_INFINITE_RECURSION = YES;
				CLANG_WARN_INT_CONVERSION = YES;
				CLANG_WARN_NON_LITERAL_NULL_CONVERSION = YES;
				CLANG_WARN_OBJC_IMPLICIT_RETAIN_SELF = YES;
				CLANG_WARN_OBJC_LITERAL_CONVERSION = YES;
				CLANG_WARN_OBJC_ROOT_CLASS = YES_ERROR;
				CLANG_WARN_QUOTED_INCLUDE_IN_FRAMEWORK_HEADER = YES;
				CLANG_WARN_RANGE_LOOP_ANALYSIS = YES;
				CLANG_WARN_STRICT_PROTOTYPES = YES;
				CLANG_WARN_SUSPICIOUS_MOVE = YES;
				CLANG_WARN_UNGUARDED_AVAILABILITY = YES_AGGRESSIVE;
				CLANG_WARN_UNREACHABLE_CODE = YES;
				CLANG_WARN__DUPLICATE_METHOD_MATCH = YES;
				COPY_PHASE_STRIP = NO;
				DEBUG_INFORMATION_FORMAT = "dwarf-with-dsym";
				ENABLE_NS_ASSERTIONS = NO;
				ENABLE_STRICT_OBJC_MSGSEND = YES;
				GCC_C_LANGUAGE_STANDARD = gnu11;
				GCC_NO_COMMON_BLOCKS = YES;
				GCC_WARN_64_TO_32_BIT_CONVERSION = YES;
				GCC_WARN_ABOUT_RETURN_TYPE = YES_ERROR;
				GCC_WARN_UNDECLARED_SELECTOR = YES;
				GCC_WARN_UNINITIALIZED_AUTOS = YES_AGGRESSIVE;
				GCC_WARN_UNUSED_FUNCTION = YES;
				GCC_WARN_UNUSED_VARIABLE = YES;
				IPHONEOS_DEPLOYMENT_TARGET = 14.5;
				MTL_ENABLE_DEBUG_INFO = NO;
				MTL_FAST_MATH = YES;
				SDKROOT = iphoneos;
				SWIFT_COMPILATION_MODE = wholemodule;
				SWIFT_OPTIMIZATION_LEVEL = "-O";
				VALIDATE_PRODUCT = YES;
			};
			name = Release;
		};
		9DBA37AA26D9E42600181B50 /* Debug */ = {
			isa = XCBuildConfiguration;
			buildSettings = {
				ASSETCATALOG_COMPILER_APPICON_NAME = AppIcon;
				ASSETCATALOG_COMPILER_GLOBAL_ACCENT_COLOR_NAME = AccentColor;
				CODE_SIGN_STYLE = Automatic;
				INFOPLIST_FILE = TestGitReposity/Info.plist;
				LD_RUNPATH_SEARCH_PATHS = (
					"$(inherited)",
					"@executable_path/Frameworks",
				);
				PRODUCT_BUNDLE_IDENTIFIER = com.lichao.TestGitReposity;
				PRODUCT_NAME = "$(TARGET_NAME)";
				SWIFT_VERSION = 5.0;
				TARGETED_DEVICE_FAMILY = 1;
			};
			name = Debug;
		};
		9DBA37AB26D9E42600181B50 /* Release */ = {
			isa = XCBuildConfiguration;
			buildSettings = {
				ASSETCATALOG_COMPILER_APPICON_NAME = AppIcon;
				ASSETCATALOG_COMPILER_GLOBAL_ACCENT_COLOR_NAME = AccentColor;
				CODE_SIGN_STYLE = Automatic;
				INFOPLIST_FILE = TestGitReposity/Info.plist;
				LD_RUNPATH_SEARCH_PATHS = (
					"$(inherited)",
					"@executable_path/Frameworks",
				);
				PRODUCT_BUNDLE_IDENTIFIER = com.lichao.TestGitReposity;
				PRODUCT_NAME = "$(TARGET_NAME)";
				SWIFT_VERSION = 5.0;
				TARGETED_DEVICE_FAMILY = 1;
			};
			name = Release;
		};
		9DBA37AD26D9E42600181B50 /* Debug */ = {
			isa = XCBuildConfiguration;
			buildSettings = {
				ALWAYS_EMBED_SWIFT_STANDARD_LIBRARIES = YES;
				BUNDLE_LOADER = "$(TEST_HOST)";
				CODE_SIGN_STYLE = Automatic;
				INFOPLIST_FILE = TestGitReposityTests/Info.plist;
				IPHONEOS_DEPLOYMENT_TARGET = 14.5;
				LD_RUNPATH_SEARCH_PATHS = (
					"$(inherited)",
					"@executable_path/Frameworks",
					"@loader_path/Frameworks",
				);
				PRODUCT_BUNDLE_IDENTIFIER = com.lichao.TestGitReposityTests;
				PRODUCT_NAME = "$(TARGET_NAME)";
				SWIFT_VERSION = 5.0;
				TARGETED_DEVICE_FAMILY = "1,2";
				TEST_HOST = "$(BUILT_PRODUCTS_DIR)/TestGitReposity.app/TestGitReposity";
			};
			name = Debug;
		};
		9DBA37AE26D9E42600181B50 /* Release */ = {
			isa = XCBuildConfiguration;
			buildSettings = {
				ALWAYS_EMBED_SWIFT_STANDARD_LIBRARIES = YES;
				BUNDLE_LOADER = "$(TEST_HOST)";
				CODE_SIGN_STYLE = Automatic;
				INFOPLIST_FILE = TestGitReposityTests/Info.plist;
				IPHONEOS_DEPLOYMENT_TARGET = 14.5;
				LD_RUNPATH_SEARCH_PATHS = (
					"$(inherited)",
					"@executable_path/Frameworks",
					"@loader_path/Frameworks",
				);
				PRODUCT_BUNDLE_IDENTIFIER = com.lichao.TestGitReposityTests;
				PRODUCT_NAME = "$(TARGET_NAME)";
				SWIFT_VERSION = 5.0;
				TARGETED_DEVICE_FAMILY = "1,2";
				TEST_HOST = "$(BUILT_PRODUCTS_DIR)/TestGitReposity.app/TestGitReposity";
			};
			name = Release;
		};
		9DBA37B026D9E42600181B50 /* Debug */ = {
			isa = XCBuildConfiguration;
			buildSettings = {
				ALWAYS_EMBED_SWIFT_STANDARD_LIBRARIES = YES;
				CODE_SIGN_STYLE = Automatic;
				INFOPLIST_FILE = TestGitReposityUITests/Info.plist;
				LD_RUNPATH_SEARCH_PATHS = (
					"$(inherited)",
					"@executable_path/Frameworks",
					"@loader_path/Frameworks",
				);
				PRODUCT_BUNDLE_IDENTIFIER = com.lichao.TestGitReposityUITests;
				PRODUCT_NAME = "$(TARGET_NAME)";
				SWIFT_VERSION = 5.0;
				TARGETED_DEVICE_FAMILY = "1,2";
				TEST_TARGET_NAME = TestGitReposity;
			};
			name = Debug;
		};
		9DBA37B126D9E42600181B50 /* Release */ = {
			isa = XCBuildConfiguration;
			buildSettings = {
				ALWAYS_EMBED_SWIFT_STANDARD_LIBRARIES = YES;
				CODE_SIGN_STYLE = Automatic;
				INFOPLIST_FILE = TestGitReposityUITests/Info.plist;
				LD_RUNPATH_SEARCH_PATHS = (
					"$(inherited)",
					"@executable_path/Frameworks",
					"@loader_path/Frameworks",
				);
				PRODUCT_BUNDLE_IDENTIFIER = com.lichao.TestGitReposityUITests;
				PRODUCT_NAME = "$(TARGET_NAME)";
				SWIFT_VERSION = 5.0;
				TARGETED_DEVICE_FAMILY = "1,2";
				TEST_TARGET_NAME = TestGitReposity;
			};
			name = Release;
		};
/* End XCBuildConfiguration section */

/* Begin XCConfigurationList section */
		9DBA377A26D9E42000181B50 /* Build configuration list for PBXProject "TestGitReposity" */ = {
			isa = XCConfigurationList;
			buildConfigurations = (
				9DBA37A726D9E42600181B50 /* Debug */,
				9DBA37A826D9E42600181B50 /* Release */,
			);
			defaultConfigurationIsVisible = 0;
			defaultConfigurationName = Release;
		};
		9DBA37A926D9E42600181B50 /* Build configuration list for PBXNativeTarget "TestGitReposity" */ = {
			isa = XCConfigurationList;
			buildConfigurations = (
				9DBA37AA26D9E42600181B50 /* Debug */,
				9DBA37AB26D9E42600181B50 /* Release */,
			);
			defaultConfigurationIsVisible = 0;
			defaultConfigurationName = Release;
		};
		9DBA37AC26D9E42600181B50 /* Build configuration list for PBXNativeTarget "TestGitReposityTests" */ = {
			isa = XCConfigurationList;
			buildConfigurations = (
				9DBA37AD26D9E42600181B50 /* Debug */,
				9DBA37AE26D9E42600181B50 /* Release */,
			);
			defaultConfigurationIsVisible = 0;
			defaultConfigurationName = Release;
		};
		9DBA37AF26D9E42600181B50 /* Build configuration list for PBXNativeTarget "TestGitReposityUITests" */ = {
			isa = XCConfigurationList;
			buildConfigurations = (
				9DBA37B026D9E42600181B50 /* Debug */,
				9DBA37B126D9E42600181B50 /* Release */,
			);
			defaultConfigurationIsVisible = 0;
			defaultConfigurationName = Release;
		};
/* End XCConfigurationList section */
	};
	rootObject = 9DBA377726D9E42000181B50 /* Project object */;
}
